// !$*UTF8*$!
{
	archiveVersion = 1;
	classes = {
	};
	objectVersion = 77;
	objects = {

/* Begin PBXContainerItemProxy section */
		5B81B7CD2FF96ECA0038ABD9 /* PBXContainerItemProxy */ = {
			isa = PBXContainerItemProxy;
			containerPortal = 5B81B7B12FF96EC80038ABD9 /* Project object */;
			proxyType = 1;
			remoteGlobalIDString = 5B81B7B82FF96EC80038ABD9;
			remoteInfo = ReadingTracker;
		};
		5B81B7D72FF96ECA0038ABD9 /* PBXContainerItemProxy */ = {
			isa = PBXContainerItemProxy;
			containerPortal = 5B81B7B12FF96EC80038ABD9 /* Project object */;
			proxyType = 1;
			remoteGlobalIDString = 5B81B7B82FF96EC80038ABD9;
			remoteInfo = ReadingTracker;
		};
/* End PBXContainerItemProxy section */

/* Begin PBXFileReference section */
		5B81B7B92FF96EC80038ABD9 /* ReadingTracker.app */ = {isa = PBXFileReference; explicitFileType = wrapper.application; includeInIndex = 0; path = ReadingTracker.app; sourceTree = BUILT_PRODUCTS_DIR; };
		5B81B7CC2FF96ECA0038ABD9 /* ReadingTrackerTests.xctest */ = {isa = PBXFileReference; explicitFileType = wrapper.cfbundle; includeInIndex = 0; path = ReadingTrackerTests.xctest; sourceTree = BUILT_PRODUCTS_DIR; };
		5B81B7D62FF96ECA0038ABD9 /* ReadingTrackerUITests.xctest */ = {isa = PBXFileReference; explicitFileType = wrapper.cfbundle; includeInIndex = 0; path = ReadingTrackerUITests.xctest; sourceTree = BUILT_PRODUCTS_DIR; };
/* End PBXFileReference section */

/* Begin PBXFileSystemSynchronizedRootGroup section */
		5B81B7BB2FF96EC80038ABD9 /* ReadingTracker */ = {
			isa = PBXFileSystemSynchronizedRootGroup;
			path = ReadingTracker;
			sourceTree = "<group>";
		};
		5B81B7CF2FF96ECA0038ABD9 /* ReadingTrackerTests */ = {
			isa = PBXFileSystemSynchronizedRootGroup;
			path = ReadingTrackerTests;
			sourceTree = "<group>";
		};
		5B81B7D92FF96ECA0038ABD9 /* ReadingTrackerUITests */ = {
			isa = PBXFileSystemSynchronizedRootGroup;
			path = ReadingTrackerUITests;
			sourceTree = "<group>";
		};
/* End PBXFileSystemSynchronizedRootGroup section */

/* Begin PBXFrameworksBuildPhase section */
		5B81B7B62FF96EC80038ABD9 /* Frameworks */ = {
			isa = PBXFrameworksBuildPhase;
			buildActionMask = 2147483647;
			files = (
			);
			runOnlyForDeploymentPostprocessing = 0;
		};
		5B81B7C92FF96ECA0038ABD9 /* Frameworks */ = {
			isa = PBXFrameworksBuildPhase;
			buildActionMask = 2147483647;
			files = (
			);
			runOnlyForDeploymentPostprocessing = 0;
		};
		5B81B7D32FF96ECA0038ABD9 /* Frameworks */ = {
			isa = PBXFrameworksBuildPhase;
			buildActionMask = 2147483647;
			files = (
			);
			runOnlyForDeploymentPostprocessing = 0;
		};
/* End PBXFrameworksBuildPhase section */

/* Begin PBXGroup section */
		5B81B7B02FF96EC80038ABD9 = {
			isa = PBXGroup;
			children = (
				5B81B7BB2FF96EC80038ABD9 /* ReadingTracker */,
				5B81B7CF2FF96ECA0038ABD9 /* ReadingTrackerTests */,
				5B81B7D92FF96ECA0038ABD9 /* ReadingTrackerUITests */,
				5B81B7BA2FF96EC80038ABD9 /* Products */,
			);
			sourceTree = "<group>";
		};
		5B81B7BA2FF96EC80038ABD9 /* Products */ = {
			isa = PBXGroup;
			children = (
				5B81B7B92FF96EC80038ABD9 /* ReadingTracker.app */,
				5B81B7CC2FF96ECA0038ABD9 /* ReadingTrackerTests.xctest */,
				5B81B7D62FF96ECA0038ABD9 /* ReadingTrackerUITests.xctest */,
			);
			name = Products;
			sourceTree = "<group>";
		};
/* End PBXGroup section */

/* Begin PBXNativeTarget section */
		5B81B7B82FF96EC80038ABD9 /* ReadingTracker */ = {
			isa = PBXNativeTarget;
			buildConfigurationList = 5B81B7E02FF96ECA0038ABD9 /* Build configuration list for PBXNativeTarget "ReadingTracker" */;
			buildPhases = (
				5B81B7B52FF96EC80038ABD9 /* Sources */,
				5B81B7B62FF96EC80038ABD9 /* Frameworks */,
				5B81B7B72FF96EC80038ABD9 /* Resources */,
			);
			buildRules = (
			);
			dependencies = (
			);
			fileSystemSynchronizedGroups = (
				5B81B7BB2FF96EC80038ABD9 /* ReadingTracker */,
			);
			name = ReadingTracker;
			productName = ReadingTracker;
			productReference = 5B81B7B92FF96EC80038ABD9 /* ReadingTracker.app */;
			productType = "com.apple.product-type.application";
		};
		5B81B7CB2FF96ECA0038ABD9 /* ReadingTrackerTests */ = {
			isa = PBXNativeTarget;
			buildConfigurationList = 5B81B7E32FF96ECA0038ABD9 /* Build configuration list for PBXNativeTarget "ReadingTrackerTests" */;
			buildPhases = (
				5B81B7C82FF96ECA0038ABD9 /* Sources */,
				5B81B7C92FF96ECA0038ABD9 /* Frameworks */,
				5B81B7CA2FF96ECA0038ABD9 /* Resources */,
			);
			buildRules = (
			);
			dependencies = (
				5B81B7CE2FF96ECA0038ABD9 /* PBXTargetDependency */,
			);
			fileSystemSynchronizedGroups = (
				5B81B7CF2FF96ECA0038ABD9 /* ReadingTrackerTests */,
			);
			name = ReadingTrackerTests;
			productName = ReadingTrackerTests;
			productReference = 5B81B7CC2FF96ECA0038ABD9 /* ReadingTrackerTests.xctest */;
			productType = "com.apple.product-type.bundle.unit-test";
		};
		5B81B7D52FF96ECA0038ABD9 /* ReadingTrackerUITests */ = {
			isa = PBXNativeTarget;
			buildConfigurationList = 5B81B7E62FF96ECA0038ABD9 /* Build configuration list for PBXNativeTarget "ReadingTrackerUITests" */;
			buildPhases = (
				5B81B7D22FF96ECA0038ABD9 /* Sources */,
				5B81B7D32FF96ECA0038ABD9 /* Frameworks */,
				5B81B7D42FF96ECA0038ABD9 /* Resources */,
			);
			buildRules = (
			);
			dependencies = (
				5B81B7D82FF96ECA0038ABD9 /* PBXTargetDependency */,
			);
			fileSystemSynchronizedGroups = (
				5B81B7D92FF96ECA0038ABD9 /* ReadingTrackerUITests */,
			);
			name = ReadingTrackerUITests;
			productName = ReadingTrackerUITests;
			productReference = 5B81B7D62FF96ECA0038ABD9 /* ReadingTrackerUITests.xctest */;
			productType = "com.apple.product-type.bundle.ui-testing";
		};
/* End PBXNativeTarget section */

/* Begin PBXProject section */
		5B81B7B12FF96EC80038ABD9 /* Project object */ = {
			isa = PBXProject;
			attributes = {
				BuildIndependentTargetsInParallel = 1;
				LastSwiftUpdateCheck = 1640;
				LastUpgradeCheck = 1640;
				TargetAttributes = {
					5B81B7B82FF96EC80038ABD9 = {
						CreatedOnToolsVersion = 16.4;
					};
					5B81B7CB2FF96ECA0038ABD9 = {
						CreatedOnToolsVersion = 16.4;
						TestTargetID = 5B81B7B82FF96EC80038ABD9;
					};
					5B81B7D52FF96ECA0038ABD9 = {
						CreatedOnToolsVersion = 16.4;
						TestTargetID = 5B81B7B82FF96EC80038ABD9;
					};
				};
			};
			buildConfigurationList = 5B81B7B42FF96EC80038ABD9 /* Build configuration list for PBXProject "ReadingTracker" */;
			developmentRegion = en;
			hasScannedForEncodings = 0;
			knownRegions = (
				en,
				Base,
			);
			mainGroup = 5B81B7B02FF96EC80038ABD9;
			minimizedProjectReferenceProxies = 1;
			preferredProjectObjectVersion = 77;
			productRefGroup = 5B81B7BA2FF96EC80038ABD9 /* Products */;
			projectDirPath = "";
			projectRoot = "";
			targets = (
				5B81B7B82FF96EC80038ABD9 /* ReadingTracker */,
				5B81B7CB2FF96ECA0038ABD9 /* ReadingTrackerTests */,
				5B81B7D52FF96ECA0038ABD9 /* ReadingTrackerUITests */,
			);
		};
/* End PBXProject section */

/* Begin PBXResourcesBuildPhase section */
		5B81B7B72FF96EC80038ABD9 /* Resources */ = {
			isa = PBXResourcesBuildPhase;
			buildActionMask = 2147483647;
			files = (
			);
			runOnlyForDeploymentPostprocessing = 0;
		};
		5B81B7CA2FF96ECA0038ABD9 /* Resources */ = {
			isa = PBXResourcesBuildPhase;
			buildActionMask = 2147483647;
			files = (
			);
			runOnlyForDeploymentPostprocessing = 0;
		};
		5B81B7D42FF96ECA0038ABD9 /* Resources */ = {
			isa = PBXResourcesBuildPhase;
			buildActionMask = 2147483647;
			files = (
			);
			runOnlyForDeploymentPostprocessing = 0;
		};
/* End PBXResourcesBuildPhase section */

/* Begin PBXSourcesBuildPhase section */
		5B81B7B52FF96EC80038ABD9 /* Sources */ = {
			isa = PBXSourcesBuildPhase;
			buildActionMask = 2147483647;
			files = (
			);
			runOnlyForDeploymentPostprocessing = 0;
		};
		5B81B7C82FF96ECA0038ABD9 /* Sources */ = {
			isa = PBXSourcesBuildPhase;
			buildActionMask = 2147483647;
			files = (
			);
			runOnlyForDeploymentPostprocessing = 0;
		};
		5B81B7D22FF96ECA0038ABD9 /* Sources */ = {
			isa = PBXSourcesBuildPhase;
			buildActionMask = 2147483647;
			files = (
			);
			runOnlyForDeploymentPostprocessing = 0;
		};
/* End PBXSourcesBuildPhase section */

/* Begin PBXTargetDependency section */
		5B81B7CE2FF96ECA0038ABD9 /* PBXTargetDependency */ = {
			isa = PBXTargetDependency;
			target = 5B81B7B82FF96EC80038ABD9 /* ReadingTracker */;
			targetProxy = 5B81B7CD2FF96ECA0038ABD9 /* PBXContainerItemProxy */;
		};
		5B81B7D82FF96ECA0038ABD9 /* PBXTargetDependency */ = {
			isa = PBXTargetDependency;
			target = 5B81B7B82FF96EC80038ABD9 /* ReadingTracker */;
			targetProxy = 5B81B7D72FF96ECA0038ABD9 /* PBXContainerItemProxy */;
		};
/* End PBXTargetDependency section */

/* Begin XCBuildConfiguration section */
		5B81B7DE2FF96ECA0038ABD9 /* Debug */ = {
			isa = XCBuildConfiguration;
			buildSettings = {
				ALWAYS_SEARCH_USER_PATHS = NO;
				ASSETCATALOG_COMPILER_GENERATE_SWIFT_ASSET_SYMBOL_EXTENSIONS = YES;
				CLANG_ANALYZER_NONNULL = YES;
				CLANG_ANALYZER_NUMBER_OBJECT_CONVERSION = YES_AGGRESSIVE;
				CLANG_CXX_LANGUAGE_STANDARD = "gnu++20";
				CLANG_ENABLE_MODULES = YES;
				CLANG_ENABLE_OBJC_ARC = YES;
				CLANG_ENABLE_OBJC_WEAK = YES;
				CLANG_WARN_BLOCK_CAPTURE_AUTORELEASING = YES;
				CLANG_WARN_BOOL_CONVERSION = YES;
				CLANG_WARN_COMMA = YES;
				CLANG_WARN_CONSTANT_CONVERSION = YES;
				CLANG_WARN_DEPRECATED_OBJC_IMPLEMENTATIONS = YES;
				CLANG_WARN_DIRECT_OBJC_ISA_USAGE = YES_ERROR;
				CLANG_WARN_DOCUMENTATION_COMMENTS = YES;
				CLANG_WARN_EMPTY_BODY = YES;
				CLANG_WARN_ENUM_CONVERSION = YES;
				CLANG_WARN_INFINITE_RECURSION = YES;
				CLANG_WARN_INT_CONVERSION = YES;
				CLANG_WARN_NON_LITERAL_NULL_CONVERSION = YES;
				CLANG_WARN_OBJC_IMPLICIT_RETAIN_SELF = YES;
				CLANG_WARN_OBJC_LITERAL_CONVERSION = YES;
				CLANG_WARN_OBJC_ROOT_CLASS = YES_ERROR;
				CLANG_WARN_QUOTED_INCLUDE_IN_FRAMEWORK_HEADER = YES;
				CLANG_WARN_RANGE_LOOP_ANALYSIS = YES;
				CLANG_WARN_STRICT_PROTOTYPES = YES;
				CLANG_WARN_SUSPICIOUS_MOVE = YES;
				CLANG_WARN_UNGUARDED_AVAILABILITY = YES_AGGRESSIVE;
				CLANG_WARN_UNREACHABLE_CODE = YES;
				CLANG_WARN__DUPLICATE_METHOD_MATCH = YES;
				COPY_PHASE_STRIP = NO;
				DEBUG_INFORMATION_FORMAT = dwarf;
				DEVELOPMENT_TEAM = MA3C48PBAR;
				ENABLE_STRICT_OBJC_MSGSEND = YES;
				ENABLE_TESTABILITY = YES;
				ENABLE_USER_SCRIPT_SANDBOXING = YES;
				GCC_C_LANGUAGE_STANDARD = gnu17;
				GCC_DYNAMIC_NO_PIC = NO;
				GCC_NO_COMMON_BLOCKS = YES;
				GCC_OPTIMIZATION_LEVEL = 0;
				GCC_PREPROCESSOR_DEFINITIONS = (
					"DEBUG=1",
					"$(inherited)",
				);
				GCC_WARN_64_TO_32_BIT_CONVERSION = YES;
				GCC_WARN_ABOUT_RETURN_TYPE = YES_ERROR;
				GCC_WARN_UNDECLARED_SELECTOR = YES;
				GCC_WARN_UNINITIALIZED_AUTOS = YES_AGGRESSIVE;
				GCC_WARN_UNUSED_FUNCTION = YES;
				GCC_WARN_UNUSED_VARIABLE = YES;
				LOCALIZATION_PREFERS_STRING_CATALOGS = YES;
				MACOSX_DEPLOYMENT_TARGET = 15.5;
				MTL_ENABLE_DEBUG_INFO = INCLUDE_SOURCE;
				MTL_FAST_MATH = YES;
				ONLY_ACTIVE_ARCH = YES;
				SDKROOT = macosx;
				SWIFT_ACTIVE_COMPILATION_CONDITIONS = "DEBUG $(inherited)";
				SWIFT_OPTIMIZATION_LEVEL = "-Onone";
			};
			name = Debug;
		};
		5B81B7DF2FF96ECA0038ABD9 /* Release */ = {
			isa = XCBuildConfiguration;
			buildSettings = {
				ALWAYS_SEARCH_USER_PATHS = NO;
				ASSETCATALOG_COMPILER_GENERATE_SWIFT_ASSET_SYMBOL_EXTENSIONS = YES;
				CLANG_ANALYZER_NONNULL = YES;
				CLANG_ANALYZER_NUMBER_OBJECT_CONVERSION = YES_AGGRESSIVE;
				CLANG_CXX_LANGUAGE_STANDARD = "gnu++20";
				CLANG_ENABLE_MODULES = YES;
				CLANG_ENABLE_OBJC_ARC = YES;
				CLANG_ENABLE_OBJC_WEAK = YES;
				CLANG_WARN_BLOCK_CAPTURE_AUTORELEASING = YES;
				CLANG_WARN_BOOL_CONVERSION = YES;
				CLANG_WARN_COMMA = YES;
				CLANG_WARN_CONSTANT_CONVERSION = YES;
				CLANG_WARN_DEPRECATED_OBJC_IMPLEMENTATIONS = YES;
				CLANG_WARN_DIRECT_OBJC_ISA_USAGE = YES_ERROR;
				CLANG_WARN_DOCUMENTATION_COMMENTS = YES;
				CLANG_WARN_EMPTY_BODY = YES;
				CLANG_WARN_ENUM_CONVERSION = YES;
				CLANG_WARN_INFINITE_RECURSION = YES;
				CLANG_WARN_INT_CONVERSION = YES;
				CLANG_WARN_NON_LITERAL_NULL_CONVERSION = YES;
				CLANG_WARN_OBJC_IMPLICIT_RETAIN_SELF = YES;
				CLANG_WARN_OBJC_LITERAL_CONVERSION = YES;
				CLANG_WARN_OBJC_ROOT_CLASS = YES_ERROR;
				CLANG_WARN_QUOTED_INCLUDE_IN_FRAMEWORK_HEADER = YES;
				CLANG_WARN_RANGE_LOOP_ANALYSIS = YES;
				CLANG_WARN_STRICT_PROTOTYPES = YES;
				CLANG_WARN_SUSPICIOUS_MOVE = YES;
				CLANG_WARN_UNGUARDED_AVAILABILITY = YES_AGGRESSIVE;
				CLANG_WARN_UNREACHABLE_CODE = YES;
				CLANG_WARN__DUPLICATE_METHOD_MATCH = YES;
				COPY_PHASE_STRIP = NO;
				DEBUG_INFORMATION_FORMAT = "dwarf-with-dsym";
				DEVELOPMENT_TEAM = MA3C48PBAR;
				ENABLE_NS_ASSERTIONS = NO;
				ENABLE_STRICT_OBJC_MSGSEND = YES;
				ENABLE_USER_SCRIPT_SANDBOXING = YES;
				GCC_C_LANGUAGE_STANDARD = gnu17;
				GCC_NO_COMMON_BLOCKS = YES;
				GCC_WARN_64_TO_32_BIT_CONVERSION = YES;
				GCC_WARN_ABOUT_RETURN_TYPE = YES_ERROR;
				GCC_WARN_UNDECLARED_SELECTOR = YES;
				GCC_WARN_UNINITIALIZED_AUTOS = YES_AGGRESSIVE;
				GCC_WARN_UNUSED_FUNCTION = YES;
				GCC_WARN_UNUSED_VARIABLE = YES;
				LOCALIZATION_PREFERS_STRING_CATALOGS = YES;
				MACOSX_DEPLOYMENT_TARGET = 15.5;
				MTL_ENABLE_DEBUG_INFO = NO;
				MTL_FAST_MATH = YES;
				SDKROOT = macosx;
				SWIFT_COMPILATION_MODE = wholemodule;
			};
			name = Release;
		};
		5B81B7E12FF96ECA0038ABD9 /* Debug */ = {
			isa = XCBuildConfiguration;
			buildSettings = {
				ASSETCATALOG_COMPILER_APPICON_NAME = AppIcon;
				ASSETCATALOG_COMPILER_GLOBAL_ACCENT_COLOR_NAME = AccentColor;
				CODE_SIGN_ENTITLEMENTS = ReadingTracker/ReadingTracker.entitlements;
				CODE_SIGN_STYLE = Automatic;
				COMBINE_HIDPI_IMAGES = YES;
				CURRENT_PROJECT_VERSION = 1;
				DEVELOPMENT_TEAM = MA3C48PBAR;
				ENABLE_HARDENED_RUNTIME = YES;
				ENABLE_PREVIEWS = YES;
				GENERATE_INFOPLIST_FILE = YES;
				INFOPLIST_KEY_NSHumanReadableCopyright = "";
				LD_RUNPATH_SEARCH_PATHS = (
					"$(inherited)",
					"@executable_path/../Frameworks",
				);
				MARKETING_VERSION = 1.0;
				PRODUCT_BUNDLE_IDENTIFIER = sjun.ReadingTracker;
				PRODUCT_NAME = "$(TARGET_NAME)";
				REGISTER_APP_GROUPS = YES;
				SDKROOT = macosx;
				SUPPORTED_PLATFORMS = macosx;
				SWIFT_EMIT_LOC_STRINGS = YES;
				SWIFT_VERSION = 5.0;
			};
			name = Debug;
		};
		5B81B7E22FF96ECA0038ABD9 /* Release */ = {
			isa = XCBuildConfiguration;
			buildSettings = {
				ASSETCATALOG_COMPILER_APPICON_NAME = AppIcon;
				ASSETCATALOG_COMPILER_GLOBAL_ACCENT_COLOR_NAME = AccentColor;
				CODE_SIGN_ENTITLEMENTS = ReadingTracker/ReadingTracker.entitlements;
				CODE_SIGN_STYLE = Automatic;
				COMBINE_HIDPI_IMAGES = YES;
				CURRENT_PROJECT_VERSION = 1;
				DEVELOPMENT_TEAM = MA3C48PBAR;
				ENABLE_HARDENED_RUNTIME = YES;
				ENABLE_PREVIEWS = YES;
				GENERATE_INFOPLIST_FILE = YES;
				INFOPLIST_KEY_NSHumanReadableCopyright = "";
				LD_RUNPATH_SEARCH_PATHS = (
					"$(inherited)",
					"@executable_path/../Frameworks",
				);
				MARKETING_VERSION = 1.0;
				PRODUCT_BUNDLE_IDENTIFIER = sjun.ReadingTracker;
				PRODUCT_NAME = "$(TARGET_NAME)";
				REGISTER_APP_GROUPS = YES;
				SDKROOT = macosx;
				SUPPORTED_PLATFORMS = macosx;
				SWIFT_EMIT_LOC_STRINGS = YES;
				SWIFT_VERSION = 5.0;
			};
			name = Release;
		};
		5B81B7E42FF96ECA0038ABD9 /* Debug */ = {
			isa = XCBuildConfiguration;
			buildSettings = {
				BUNDLE_LOADER = "$(TEST_HOST)";
				CODE_SIGN_STYLE = Automatic;
				CURRENT_PROJECT_VERSION = 1;
				DEVELOPMENT_TEAM = MA3C48PBAR;
				GENERATE_INFOPLIST_FILE = YES;
				MACOSX_DEPLOYMENT_TARGET = 15.5;
				MARKETING_VERSION = 1.0;
				PRODUCT_BUNDLE_IDENTIFIER = sjun.ReadingTrackerTests;
				PRODUCT_NAME = "$(TARGET_NAME)";
				SDKROOT = macosx;
				SUPPORTED_PLATFORMS = macosx;
				SWIFT_EMIT_LOC_STRINGS = NO;
				SWIFT_VERSION = 5.0;
				TEST_HOST = "$(BUILT_PRODUCTS_DIR)/ReadingTracker.app/$(BUNDLE_EXECUTABLE_FOLDER_PATH)/ReadingTracker";
			};
			name = Debug;
		};
		5B81B7E52FF96ECA0038ABD9 /* Release */ = {
			isa = XCBuildConfiguration;
			buildSettings = {
				BUNDLE_LOADER = "$(TEST_HOST)";
				CODE_SIGN_STYLE = Automatic;
				CURRENT_PROJECT_VERSION = 1;
				DEVELOPMENT_TEAM = MA3C48PBAR;
				GENERATE_INFOPLIST_FILE = YES;
				MACOSX_DEPLOYMENT_TARGET = 15.5;
				MARKETING_VERSION = 1.0;
				PRODUCT_BUNDLE_IDENTIFIER = sjun.ReadingTrackerTests;
				PRODUCT_NAME = "$(TARGET_NAME)";
				SDKROOT = macosx;
				SUPPORTED_PLATFORMS = macosx;
				SWIFT_EMIT_LOC_STRINGS = NO;
				SWIFT_VERSION = 5.0;
				TEST_HOST = "$(BUILT_PRODUCTS_DIR)/ReadingTracker.app/$(BUNDLE_EXECUTABLE_FOLDER_PATH)/ReadingTracker";
			};
			name = Release;
		};
		5B81B7E72FF96ECA0038ABD9 /* Debug */ = {
			isa = XCBuildConfiguration;
			buildSettings = {
				CODE_SIGN_STYLE = Automatic;
				CURRENT_PROJECT_VERSION = 1;
				DEVELOPMENT_TEAM = MA3C48PBAR;
				GENERATE_INFOPLIST_FILE = YES;
				MARKETING_VERSION = 1.0;
				PRODUCT_BUNDLE_IDENTIFIER = sjun.ReadingTrackerUITests;
				PRODUCT_NAME = "$(TARGET_NAME)";
				SDKROOT = macosx;
				SUPPORTED_PLATFORMS = macosx;
				SWIFT_EMIT_LOC_STRINGS = NO;
				SWIFT_VERSION = 5.0;
				TEST_TARGET_NAME = ReadingTracker;
			};
			name = Debug;
		};
		5B81B7E82FF96ECA0038ABD9 /* Release */ = {
			isa = XCBuildConfiguration;
			buildSettings = {
				CODE_SIGN_STYLE = Automatic;
				CURRENT_PROJECT_VERSION = 1;
				DEVELOPMENT_TEAM = MA3C48PBAR;
				GENERATE_INFOPLIST_FILE = YES;
				MARKETING_VERSION = 1.0;
				PRODUCT_BUNDLE_IDENTIFIER = sjun.ReadingTrackerUITests;
				PRODUCT_NAME = "$(TARGET_NAME)";
				SDKROOT = macosx;
				SUPPORTED_PLATFORMS = macosx;
				SWIFT_EMIT_LOC_STRINGS = NO;
				SWIFT_VERSION = 5.0;
				TEST_TARGET_NAME = ReadingTracker;
			};
			name = Release;
		};
/* End XCBuildConfiguration section */

/* Begin XCConfigurationList section */
		5B81B7B42FF96EC80038ABD9 /* Build configuration list for PBXProject "ReadingTracker" */ = {
			isa = XCConfigurationList;
			buildConfigurations = (
				5B81B7DE2FF96ECA0038ABD9 /* Debug */,
				5B81B7DF2FF96ECA0038ABD9 /* Release */,
			);
			defaultConfigurationIsVisible = 0;
			defaultConfigurationName = Release;
		};
		5B81B7E02FF96ECA0038ABD9 /* Build configuration list for PBXNativeTarget "ReadingTracker" */ = {
			isa = XCConfigurationList;
			buildConfigurations = (
				5B81B7E12FF96ECA0038ABD9 /* Debug */,
				5B81B7E22FF96ECA0038ABD9 /* Release */,
			);
			defaultConfigurationIsVisible = 0;
			defaultConfigurationName = Release;
		};
		5B81B7E32FF96ECA0038ABD9 /* Build configuration list for PBXNativeTarget "ReadingTrackerTests" */ = {
			isa = XCConfigurationList;
			buildConfigurations = (
				5B81B7E42FF96ECA0038ABD9 /* Debug */,
				5B81B7E52FF96ECA0038ABD9 /* Release */,
			);
			defaultConfigurationIsVisible = 0;
			defaultConfigurationName = Release;
		};
		5B81B7E62FF96ECA0038ABD9 /* Build configuration list for PBXNativeTarget "ReadingTrackerUITests" */ = {
			isa = XCConfigurationList;
			buildConfigurations = (
				5B81B7E72FF96ECA0038ABD9 /* Debug */,
				5B81B7E82FF96ECA0038ABD9 /* Release */,
			);
			defaultConfigurationIsVisible = 0;
			defaultConfigurationName = Release;
		};
/* End XCConfigurationList section */
	};
	rootObject = 5B81B7B12FF96EC80038ABD9 /* Project object */;
}
